// !$*UTF8*$!
{
	archiveVersion = 1;
	classes = {
	};
	objectVersion = 54;
	objects = {

/* Begin PBXBuildFile section */
		146059FF17E8FE1B00B7B611 /* SceneHeaders.fountain in Resources */ = {isa = PBXBuildFile; fileRef = 146059FE17E8FE1B00B7B611 /* SceneHeaders.fountain */; };
		14605A3017E900AF00B7B611 /* Boneyard.fountain in Resources */ = {isa = PBXBuildFile; fileRef = 14605A2417E900AF00B7B611 /* Boneyard.fountain */; };
		14605A3117E900AF00B7B611 /* CenteredText.fountain in Resources */ = {isa = PBXBuildFile; fileRef = 14605A2517E900AF00B7B611 /* CenteredText.fountain */; };
		14605A3217E900AF00B7B611 /* Dialogue.fountain in Resources */ = {isa = PBXBuildFile; fileRef = 14605A2617E900AF00B7B611 /* Dialogue.fountain */; };
		14605A3317E900AF00B7B611 /* DualDialogue.fountain in Resources */ = {isa = PBXBuildFile; fileRef = 14605A2717E900AF00B7B611 /* DualDialogue.fountain */; };
		14605A3417E900AF00B7B611 /* Indenting.fountain in Resources */ = {isa = PBXBuildFile; fileRef = 14605A2817E900AF00B7B611 /* Indenting.fountain */; };
		14605A3517E900AF00B7B611 /* MultilineAction.fountain in Resources */ = {isa = PBXBuildFile; fileRef = 14605A2917E900AF00B7B611 /* MultilineAction.fountain */; };
		14605A3617E900AF00B7B611 /* Notes.fountain in Resources */ = {isa = PBXBuildFile; fileRef = 14605A2A17E900AF00B7B611 /* Notes.fountain */; };
		14605A3717E900AF00B7B611 /* PageBreaks.fountain in Resources */ = {isa = PBXBuildFile; fileRef = 14605A2B17E900AF00B7B611 /* PageBreaks.fountain */; };
		14605A3817E900AF00B7B611 /* SceneNumbers.fountain in Resources */ = {isa = PBXBuildFile; fileRef = 14605A2C17E900AF00B7B611 /* SceneNumbers.fountain */; };
		14605A3917E900AF00B7B611 /* SectionHeaders.fountain in Resources */ = {isa = PBXBuildFile; fileRef = 14605A2D17E900AF00B7B611 /* SectionHeaders.fountain */; };
		14605A3A17E900AF00B7B611 /* Synopses.fountain in Resources */ = {isa = PBXBuildFile; fileRef = 14605A2E17E900AF00B7B611 /* Synopses.fountain */; };
		14605A3B17E900AF00B7B611 /* Transitions.fountain in Resources */ = {isa = PBXBuildFile; fileRef = 14605A2F17E900AF00B7B611 /* Transitions.fountain */; };
		149D632E17EA93E200DA482C /* Foundation.framework in Frameworks */ = {isa = PBXBuildFile; fileRef = 149D632D17EA93E200DA482C /* Foundation.framework */; };
		149D633017EA93E200DA482C /* CoreGraphics.framework in Frameworks */ = {isa = PBXBuildFile; fileRef = 149D632F17EA93E200DA482C /* CoreGraphics.framework */; };
		149D633217EA93E200DA482C /* UIKit.framework in Frameworks */ = {isa = PBXBuildFile; fileRef = 149D633117EA93E200DA482C /* UIKit.framework */; };
		149D633817EA93E200DA482C /* InfoPlist.strings in Resources */ = {isa = PBXBuildFile; fileRef = 149D633617EA93E200DA482C /* InfoPlist.strings */; };
		149D634117EA93E200DA482C /* Main.storyboard in Resources */ = {isa = PBXBuildFile; fileRef = 149D633F17EA93E200DA482C /* Main.storyboard */; };
		149D634617EA93E200DA482C /* Images.xcassets in Resources */ = {isa = PBXBuildFile; fileRef = 149D634517EA93E200DA482C /* Images.xcassets */; };
		149D636D17EA96A300DA482C /* ScriptCSS.css in Resources */ = {isa = PBXBuildFile; fileRef = 3CBFF74315940ACC005EC5BF /* ScriptCSS.css */; };
		149D636E17EA96BB00DA482C /* Big Fish.fountain in Resources */ = {isa = PBXBuildFile; fileRef = 3C8CD0E214DF589E00F18DE6 /* Big Fish.fountain */; };
		14AA1A54178F8FD400BAEED2 /* Sections-Complex.fountain in Resources */ = {isa = PBXBuildFile; fileRef = 14AA1A53178F8FD400BAEED2 /* Sections-Complex.fountain */; };
		3C0BB02E14DF3D55004A90E8 /* Cocoa.framework in Frameworks */ = {isa = PBXBuildFile; fileRef = 3C0BB02D14DF3D55004A90E8 /* Cocoa.framework */; };
		3C0BB03814DF3D55004A90E8 /* InfoPlist.strings in Resources */ = {isa = PBXBuildFile; fileRef = 3C0BB03614DF3D55004A90E8 /* InfoPlist.strings */; };
		3C0BB05514DF3D56004A90E8 /* InfoPlist.strings in Resources */ = {isa = PBXBuildFile; fileRef = 3C0BB05314DF3D56004A90E8 /* InfoPlist.strings */; };
		3C8CD0E314DF589E00F18DE6 /* Big Fish.fountain in Resources */ = {isa = PBXBuildFile; fileRef = 3C8CD0E214DF589E00F18DE6 /* Big Fish.fountain */; };
		3C8CD10714DF7CCC00F18DE6 /* Brick And Steel.txt in Resources */ = {isa = PBXBuildFile; fileRef = 3C8CD10614DF7CCC00F18DE6 /* Brick And Steel.txt */; };
		3C8CD10F14DFA9D700F18DE6 /* Simple.fountain in Resources */ = {isa = PBXBuildFile; fileRef = 3C8CD10E14DFA9D700F18DE6 /* Simple.fountain */; };
		3CA5EE5818D3D7B400458AAF /* ForcedElements.fountain in Resources */ = {isa = PBXBuildFile; fileRef = 3CA5EE5718D3D7B400458AAF /* ForcedElements.fountain */; };
		3CBFF73C159407CC005EC5BF /* Application.xib in Resources */ = {isa = PBXBuildFile; fileRef = 3CBFF73B159407CC005EC5BF /* Application.xib */; };
		3CBFF74115940860005EC5BF /* WebKit.framework in Frameworks */ = {isa = PBXBuildFile; fileRef = 3CBFF74015940860005EC5BF /* WebKit.framework */; };
		3CBFF74215940A40005EC5BF /* Big Fish.fountain in Resources */ = {isa = PBXBuildFile; fileRef = 3C8CD0E214DF589E00F18DE6 /* Big Fish.fountain */; };
		3CBFF74415940ACC005EC5BF /* ScriptCSS.css in Resources */ = {isa = PBXBuildFile; fileRef = 3CBFF74315940ACC005EC5BF /* ScriptCSS.css */; };
		AA1001000000000000000001 /* Platform.swift in Sources */ = {isa = PBXBuildFile; fileRef = AA0001000000000000000001 /* Platform.swift */; };
		AA1002000000000000000001 /* String+Regex.swift in Sources */ = {isa = PBXBuildFile; fileRef = AA0002000000000000000001 /* String+Regex.swift */; };
		AA1003000000000000000001 /* FountainRegexes.swift in Sources */ = {isa = PBXBuildFile; fileRef = AA0003000000000000000001 /* FountainRegexes.swift */; };
		AA1004000000000000000001 /* FNElement.swift in Sources */ = {isa = PBXBuildFile; fileRef = AA0004000000000000000001 /* FNElement.swift */; };
		AA1005000000000000000001 /* FastFountainParser.swift in Sources */ = {isa = PBXBuildFile; fileRef = AA0005000000000000000001 /* FastFountainParser.swift */; };
		AA1006000000000000000001 /* FountainParser.swift in Sources */ = {isa = PBXBuildFile; fileRef = AA0006000000000000000001 /* FountainParser.swift */; };
		AA1007000000000000000001 /* FountainWriter.swift in Sources */ = {isa = PBXBuildFile; fileRef = AA0007000000000000000001 /* FountainWriter.swift */; };
		AA1008000000000000000001 /* FNScript.swift in Sources */ = {isa = PBXBuildFile; fileRef = AA0008000000000000000001 /* FNScript.swift */; };
		AA1009000000000000000001 /* FNPaginator.swift in Sources */ = {isa = PBXBuildFile; fileRef = AA0009000000000000000001 /* FNPaginator.swift */; };
		AA100A000000000000000001 /* FNHTMLScript.swift in Sources */ = {isa = PBXBuildFile; fileRef = AA000A000000000000000001 /* FNHTMLScript.swift */; };
		AA100B000000000000000001 /* FountainCodable.swift in Sources */ = {isa = PBXBuildFile; fileRef = AA000B000000000000000001 /* FountainCodable.swift */; };
		AA100C000000000000000001 /* FNElementType.swift in Sources */ = {isa = PBXBuildFile; fileRef = AA000C000000000000000001 /* FNElementType.swift */; };
		AA100D000000000000000001 /* FountainTokenization.swift in Sources */ = {isa = PBXBuildFile; fileRef = AA000D000000000000000001 /* FountainTokenization.swift */; };
		AA100E000000000000000001 /* FountainSyntaxPin.swift in Sources */ = {isa = PBXBuildFile; fileRef = AA000E000000000000000001 /* FountainSyntaxPin.swift */; };
		AA100F000000000000000001 /* FountainForcedPrefix.swift in Sources */ = {isa = PBXBuildFile; fileRef = AA000F000000000000000001 /* FountainForcedPrefix.swift */; };
		AA2001000000000000000001 /* Platform.swift in Sources */ = {isa = PBXBuildFile; fileRef = AA0001000000000000000001 /* Platform.swift */; };
		AA2002000000000000000001 /* String+Regex.swift in Sources */ = {isa = PBXBuildFile; fileRef = AA0002000000000000000001 /* String+Regex.swift */; };
		AA2003000000000000000001 /* FountainRegexes.swift in Sources */ = {isa = PBXBuildFile; fileRef = AA0003000000000000000001 /* FountainRegexes.swift */; };
		AA2004000000000000000001 /* FNElement.swift in Sources */ = {isa = PBXBuildFile; fileRef = AA0004000000000000000001 /* FNElement.swift */; };
		AA2005000000000000000001 /* FastFountainParser.swift in Sources */ = {isa = PBXBuildFile; fileRef = AA0005000000000000000001 /* FastFountainParser.swift */; };
		AA2006000000000000000001 /* FountainParser.swift in Sources */ = {isa = PBXBuildFile; fileRef = AA0006000000000000000001 /* FountainParser.swift */; };
		AA2007000000000000000001 /* FountainWriter.swift in Sources */ = {isa = PBXBuildFile; fileRef = AA0007000000000000000001 /* FountainWriter.swift */; };
		AA2008000000000000000001 /* FNScript.swift in Sources */ = {isa = PBXBuildFile; fileRef = AA0008000000000000000001 /* FNScript.swift */; };
		AA2009000000000000000001 /* FNPaginator.swift in Sources */ = {isa = PBXBuildFile; fileRef = AA0009000000000000000001 /* FNPaginator.swift */; };
		AA200A000000000000000001 /* FNHTMLScript.swift in Sources */ = {isa = PBXBuildFile; fileRef = AA000A000000000000000001 /* FNHTMLScript.swift */; };
		AA200B000000000000000001 /* FountainCodable.swift in Sources */ = {isa = PBXBuildFile; fileRef = AA000B000000000000000001 /* FountainCodable.swift */; };
		AA200C000000000000000001 /* FNElementType.swift in Sources */ = {isa = PBXBuildFile; fileRef = AA000C000000000000000001 /* FNElementType.swift */; };
		AA200D000000000000000001 /* FountainTokenization.swift in Sources */ = {isa = PBXBuildFile; fileRef = AA000D000000000000000001 /* FountainTokenization.swift */; };
		AA200E000000000000000001 /* FountainSyntaxPin.swift in Sources */ = {isa = PBXBuildFile; fileRef = AA000E000000000000000001 /* FountainSyntaxPin.swift */; };
		AA200F000000000000000001 /* FountainForcedPrefix.swift in Sources */ = {isa = PBXBuildFile; fileRef = AA000F000000000000000001 /* FountainForcedPrefix.swift */; };
		AA4001000000000000000001 /* BaseElementTests.swift in Sources */ = {isa = PBXBuildFile; fileRef = AA3001000000000000000001 /* BaseElementTests.swift */; };
		AA4002000000000000000001 /* SceneHeaderTests.swift in Sources */ = {isa = PBXBuildFile; fileRef = AA3002000000000000000001 /* SceneHeaderTests.swift */; };
		AA4003000000000000000001 /* SceneNumberTests.swift in Sources */ = {isa = PBXBuildFile; fileRef = AA3003000000000000000001 /* SceneNumberTests.swift */; };
		AA4004000000000000000001 /* DialogueTests.swift in Sources */ = {isa = PBXBuildFile; fileRef = AA3004000000000000000001 /* DialogueTests.swift */; };
		AA4005000000000000000001 /* TransitionTests.swift in Sources */ = {isa = PBXBuildFile; fileRef = AA3005000000000000000001 /* TransitionTests.swift */; };
		AA4006000000000000000001 /* CenteredTests.swift in Sources */ = {isa = PBXBuildFile; fileRef = AA3006000000000000000001 /* CenteredTests.swift */; };
		AA4007000000000000000001 /* IndentingTests.swift in Sources */ = {isa = PBXBuildFile; fileRef = AA3007000000000000000001 /* IndentingTests.swift */; };
		AA4008000000000000000001 /* MultilineActionTests.swift in Sources */ = {isa = PBXBuildFile; fileRef = AA3008000000000000000001 /* MultilineActionTests.swift */; };
		AA4009000000000000000001 /* NoteTests.swift in Sources */ = {isa = PBXBuildFile; fileRef = AA3009000000000000000001 /* NoteTests.swift */; };
		AA400A000000000000000001 /* PageBreakTests.swift in Sources */ = {isa = PBXBuildFile; fileRef = AA300A000000000000000001 /* PageBreakTests.swift */; };
		AA400B000000000000000001 /* BoneyardTests.swift in Sources */ = {isa = PBXBuildFile; fileRef = AA300B000000000000000001 /* BoneyardTests.swift */; };
		AA400C000000000000000001 /* SynopsisTests.swift in Sources */ = {isa = PBXBuildFile; fileRef = AA300C000000000000000001 /* SynopsisTests.swift */; };
		AA400D000000000000000001 /* SectionHeaderTests.swift in Sources */ = {isa = PBXBuildFile; fileRef = AA300D000000000000000001 /* SectionHeaderTests.swift */; };
		AA400E000000000000000001 /* SectionAndSynopsisTests.swift in Sources */ = {isa = PBXBuildFile; fileRef = AA300E000000000000000001 /* SectionAndSynopsisTests.swift */; };
		AA400F000000000000000001 /* ForcedElementTests.swift in Sources */ = {isa = PBXBuildFile; fileRef = AA300F000000000000000001 /* ForcedElementTests.swift */; };
		AA4010000000000000000001 /* BigFishTests.swift in Sources */ = {isa = PBXBuildFile; fileRef = AA3010000000000000000001 /* BigFishTests.swift */; };
		AA4011000000000000000001 /* BrickAndSteelTests.swift in Sources */ = {isa = PBXBuildFile; fileRef = AA3011000000000000000001 /* BrickAndSteelTests.swift */; };
		AA4012000000000000000001 /* FNScriptTests.swift in Sources */ = {isa = PBXBuildFile; fileRef = AA3012000000000000000001 /* FNScriptTests.swift */; };
		AA4013000000000000000001 /* FountainWriterTests.swift in Sources */ = {isa = PBXBuildFile; fileRef = AA3013000000000000000001 /* FountainWriterTests.swift */; };
		AA6001000000000000000001 /* AppDelegate.swift in Sources */ = {isa = PBXBuildFile; fileRef = AA5001000000000000000001 /* AppDelegate.swift */; };
		AA6002000000000000000001 /* ViewController.swift in Sources */ = {isa = PBXBuildFile; fileRef = AA5002000000000000000001 /* ViewController.swift */; };
		AA8001000000000000000001 /* AppDelegate.swift in Sources */ = {isa = PBXBuildFile; fileRef = AA7001000000000000000001 /* AppDelegate.swift */; };
		AA9001000000000000000001 /* XCTest.framework in Frameworks */ = {isa = PBXBuildFile; fileRef = 149D634C17EA93E200DA482C /* XCTest.framework */; };
/* End PBXBuildFile section */

/* Begin PBXContainerItemProxy section */
		149D636017EA94A600DA482C /* PBXContainerItemProxy */ = {
			isa = PBXContainerItemProxy;
			containerPortal = 3C0BB02014DF3D55004A90E8 /* Project object */;
			proxyType = 1;
			remoteGlobalIDString = 3C0BB02814DF3D55004A90E8;
			remoteInfo = "Sample Project Mac";
		};
/* End PBXContainerItemProxy section */

/* Begin PBXFileReference section */
		146059FE17E8FE1B00B7B611 /* SceneHeaders.fountain */ = {isa = PBXFileReference; fileEncoding = 4; lastKnownFileType = text; path = SceneHeaders.fountain; sourceTree = "<group>"; };
		14605A2417E900AF00B7B611 /* Boneyard.fountain */ = {isa = PBXFileReference; fileEncoding = 4; lastKnownFileType = text; path = Boneyard.fountain; sourceTree = "<group>"; };
		14605A2517E900AF00B7B611 /* CenteredText.fountain */ = {isa = PBXFileReference; fileEncoding = 4; lastKnownFileType = text; path = CenteredText.fountain; sourceTree = "<group>"; };
		14605A2617E900AF00B7B611 /* Dialogue.fountain */ = {isa = PBXFileReference; fileEncoding = 4; lastKnownFileType = text; path = Dialogue.fountain; sourceTree = "<group>"; };
		14605A2717E900AF00B7B611 /* DualDialogue.fountain */ = {isa = PBXFileReference; fileEncoding = 4; lastKnownFileType = text; path = DualDialogue.fountain; sourceTree = "<group>"; };
		14605A2817E900AF00B7B611 /* Indenting.fountain */ = {isa = PBXFileReference; fileEncoding = 4; lastKnownFileType = text; path = Indenting.fountain; sourceTree = "<group>"; };
		14605A2917E900AF00B7B611 /* MultilineAction.fountain */ = {isa = PBXFileReference; fileEncoding = 4; lastKnownFileType = text; path = MultilineAction.fountain; sourceTree = "<group>"; };
		14605A2A17E900AF00B7B611 /* Notes.fountain */ = {isa = PBXFileReference; fileEncoding = 4; lastKnownFileType = text; path = Notes.fountain; sourceTree = "<group>"; };
		14605A2B17E900AF00B7B611 /* PageBreaks.fountain */ = {isa = PBXFileReference; fileEncoding = 4; lastKnownFileType = text; path = PageBreaks.fountain; sourceTree = "<group>"; };
		14605A2C17E900AF00B7B611 /* SceneNumbers.fountain */ = {isa = PBXFileReference; fileEncoding = 4; lastKnownFileType = text; path = SceneNumbers.fountain; sourceTree = "<group>"; };
		14605A2D17E900AF00B7B611 /* SectionHeaders.fountain */ = {isa = PBXFileReference; fileEncoding = 4; lastKnownFileType = text; path = SectionHeaders.fountain; sourceTree = "<group>"; };
		14605A2E17E900AF00B7B611 /* Synopses.fountain */ = {isa = PBXFileReference; fileEncoding = 4; lastKnownFileType = text; path = Synopses.fountain; sourceTree = "<group>"; };
		14605A2F17E900AF00B7B611 /* Transitions.fountain */ = {isa = PBXFileReference; fileEncoding = 4; lastKnownFileType = text; path = Transitions.fountain; sourceTree = "<group>"; };
		149D632C17EA93E100DA482C /* Sample Project iOS.app */ = {isa = PBXFileReference; explicitFileType = wrapper.application; includeInIndex = 0; path = "Sample Project iOS.app"; sourceTree = BUILT_PRODUCTS_DIR; };
		149D632D17EA93E200DA482C /* Foundation.framework */ = {isa = PBXFileReference; lastKnownFileType = wrapper.framework; name = Foundation.framework; path = System/Library/Frameworks/Foundation.framework; sourceTree = SDKROOT; };
		149D632F17EA93E200DA482C /* CoreGraphics.framework */ = {isa = PBXFileReference; lastKnownFileType = wrapper.framework; name = CoreGraphics.framework; path = System/Library/Frameworks/CoreGraphics.framework; sourceTree = SDKROOT; };
		149D633117EA93E200DA482C /* UIKit.framework */ = {isa = PBXFileReference; lastKnownFileType = wrapper.framework; name = UIKit.framework; path = Library/Frameworks/UIKit.framework; sourceTree = DEVELOPER_DIR; };
		149D633517EA93E200DA482C /* Sample Project iOS-Info.plist */ = {isa = PBXFileReference; lastKnownFileType = text.plist.xml; path = "Sample Project iOS-Info.plist"; sourceTree = "<group>"; };
		149D633717EA93E200DA482C /* en */ = {isa = PBXFileReference; lastKnownFileType = text.plist.strings; name = en; path = en.lproj/InfoPlist.strings; sourceTree = "<group>"; };
		149D634017EA93E200DA482C /* Base */ = {isa = PBXFileReference; lastKnownFileType = file.storyboard; name = Base; path = Base.lproj/Main.storyboard; sourceTree = "<group>"; };
		149D634517EA93E200DA482C /* Images.xcassets */ = {isa = PBXFileReference; lastKnownFileType = folder.assetcatalog; path = Images.xcassets; sourceTree = "<group>"; };
		149D634C17EA93E200DA482C /* XCTest.framework */ = {isa = PBXFileReference; lastKnownFileType = wrapper.framework; name = XCTest.framework; path = Library/Frameworks/XCTest.framework; sourceTree = DEVELOPER_DIR; };
		14AA1A53178F8FD400BAEED2 /* Sections-Complex.fountain */ = {isa = PBXFileReference; fileEncoding = 4; lastKnownFileType = text; path = "Sections-Complex.fountain"; sourceTree = "<group>"; };
		3C0BB02914DF3D55004A90E8 /* Sample Project Mac.app */ = {isa = PBXFileReference; explicitFileType = wrapper.application; includeInIndex = 0; path = "Sample Project Mac.app"; sourceTree = BUILT_PRODUCTS_DIR; };
		3C0BB02D14DF3D55004A90E8 /* Cocoa.framework */ = {isa = PBXFileReference; lastKnownFileType = wrapper.framework; name = Cocoa.framework; path = System/Library/Frameworks/Cocoa.framework; sourceTree = SDKROOT; };
		3C0BB03014DF3D55004A90E8 /* AppKit.framework */ = {isa = PBXFileReference; lastKnownFileType = wrapper.framework; name = AppKit.framework; path = System/Library/Frameworks/AppKit.framework; sourceTree = SDKROOT; };
		3C0BB03114DF3D55004A90E8 /* CoreData.framework */ = {isa = PBXFileReference; lastKnownFileType = wrapper.framework; name = CoreData.framework; path = System/Library/Frameworks/CoreData.framework; sourceTree = SDKROOT; };
		3C0BB03214DF3D55004A90E8 /* Foundation.framework */ = {isa = PBXFileReference; lastKnownFileType = wrapper.framework; name = Foundation.framework; path = System/Library/Frameworks/Foundation.framework; sourceTree = SDKROOT; };
		3C0BB03514DF3D55004A90E8 /* Fountain-Info.plist */ = {isa = PBXFileReference; lastKnownFileType = text.plist.xml; name = "Fountain-Info.plist"; path = "../Sample Project Mac/Fountain-Info.plist"; sourceTree = "<group>"; };
		3C0BB03714DF3D55004A90E8 /* en */ = {isa = PBXFileReference; lastKnownFileType = text.plist.strings; name = en; path = en.lproj/InfoPlist.strings; sourceTree = "<group>"; };
		3C0BB04A14DF3D56004A90E8 /* FountainTests.xctest */ = {isa = PBXFileReference; explicitFileType = wrapper.cfbundle; includeInIndex = 0; path = FountainTests.xctest; sourceTree = BUILT_PRODUCTS_DIR; };
		3C0BB05214DF3D56004A90E8 /* FountainTests-Info.plist */ = {isa = PBXFileReference; lastKnownFileType = text.plist.xml; path = "FountainTests-Info.plist"; sourceTree = "<group>"; };
		3C0BB05414DF3D56004A90E8 /* en */ = {isa = PBXFileReference; lastKnownFileType = text.plist.strings; name = en; path = en.lproj/InfoPlist.strings; sourceTree = "<group>"; };
		3C8CD0E214DF589E00F18DE6 /* Big Fish.fountain */ = {isa = PBXFileReference; fileEncoding = 4; lastKnownFileType = text; path = "Big Fish.fountain"; sourceTree = "<group>"; };
		3C8CD10614DF7CCC00F18DE6 /* Brick And Steel.txt */ = {isa = PBXFileReference; fileEncoding = 4; lastKnownFileType = text; path = "Brick And Steel.txt"; sourceTree = "<group>"; };
		3C8CD10E14DFA9D700F18DE6 /* Simple.fountain */ = {isa = PBXFileReference; fileEncoding = 4; lastKnownFileType = text; path = Simple.fountain; sourceTree = "<group>"; };
		3CA5EE5718D3D7B400458AAF /* ForcedElements.fountain */ = {isa = PBXFileReference; fileEncoding = 4; lastKnownFileType = text; path = ForcedElements.fountain; sourceTree = "<group>"; };
		3CBFF73B159407CC005EC5BF /* Application.xib */ = {isa = PBXFileReference; fileEncoding = 4; lastKnownFileType = file.xib; name = Application.xib; path = "../Sample Project Mac/Application.xib"; sourceTree = "<group>"; };
		3CBFF74015940860005EC5BF /* WebKit.framework */ = {isa = PBXFileReference; lastKnownFileType = wrapper.framework; name = WebKit.framework; path = System/Library/Frameworks/WebKit.framework; sourceTree = SDKROOT; };
		3CBFF74315940ACC005EC5BF /* ScriptCSS.css */ = {isa = PBXFileReference; fileEncoding = 4; lastKnownFileType = text.css; path = ScriptCSS.css; sourceTree = "<group>"; };
		AA0001000000000000000001 /* Platform.swift */ = {isa = PBXFileReference; fileEncoding = 4; lastKnownFileType = sourcecode.swift; path = Platform.swift; sourceTree = "<group>"; };
		AA0002000000000000000001 /* String+Regex.swift */ = {isa = PBXFileReference; fileEncoding = 4; lastKnownFileType = sourcecode.swift; path = "String+Regex.swift"; sourceTree = "<group>"; };
		AA0003000000000000000001 /* FountainRegexes.swift */ = {isa = PBXFileReference; fileEncoding = 4; lastKnownFileType = sourcecode.swift; path = FountainRegexes.swift; sourceTree = "<group>"; };
		AA0004000000000000000001 /* FNElement.swift */ = {isa = PBXFileReference; fileEncoding = 4; lastKnownFileType = sourcecode.swift; path = FNElement.swift; sourceTree = "<group>"; };
		AA000C000000000000000001 /* FNElementType.swift */ = {isa = PBXFileReference; fileEncoding = 4; lastKnownFileType = sourcecode.swift; path = FNElementType.swift; sourceTree = "<group>"; };
		AA000D000000000000000001 /* FountainTokenization.swift */ = {isa = PBXFileReference; fileEncoding = 4; lastKnownFileType = sourcecode.swift; path = FountainTokenization.swift; sourceTree = "<group>"; };
		AA000E000000000000000001 /* FountainSyntaxPin.swift */ = {isa = PBXFileReference; fileEncoding = 4; lastKnownFileType = sourcecode.swift; path = FountainSyntaxPin.swift; sourceTree = "<group>"; };
		AA000F000000000000000001 /* FountainForcedPrefix.swift */ = {isa = PBXFileReference; fileEncoding = 4; lastKnownFileType = sourcecode.swift; path = FountainForcedPrefix.swift; sourceTree = "<group>"; };
		AA0005000000000000000001 /* FastFountainParser.swift */ = {isa = PBXFileReference; fileEncoding = 4; lastKnownFileType = sourcecode.swift; path = FastFountainParser.swift; sourceTree = "<group>"; };
		AA0006000000000000000001 /* FountainParser.swift */ = {isa = PBXFileReference; fileEncoding = 4; lastKnownFileType = sourcecode.swift; path = FountainParser.swift; sourceTree = "<group>"; };
		AA0007000000000000000001 /* FountainWriter.swift */ = {isa = PBXFileReference; fileEncoding = 4; lastKnownFileType = sourcecode.swift; path = FountainWriter.swift; sourceTree = "<group>"; };
		AA000B000000000000000001 /* FountainCodable.swift */ = {isa = PBXFileReference; fileEncoding = 4; lastKnownFileType = sourcecode.swift; path = FountainCodable.swift; sourceTree = "<group>"; };
		AA0008000000000000000001 /* FNScript.swift */ = {isa = PBXFileReference; fileEncoding = 4; lastKnownFileType = sourcecode.swift; path = FNScript.swift; sourceTree = "<group>"; };
		AA0009000000000000000001 /* FNPaginator.swift */ = {isa = PBXFileReference; fileEncoding = 4; lastKnownFileType = sourcecode.swift; path = FNPaginator.swift; sourceTree = "<group>"; };
		AA000A000000000000000001 /* FNHTMLScript.swift */ = {isa = PBXFileReference; fileEncoding = 4; lastKnownFileType = sourcecode.swift; path = FNHTMLScript.swift; sourceTree = "<group>"; };
		AA3001000000000000000001 /* BaseElementTests.swift */ = {isa = PBXFileReference; fileEncoding = 4; lastKnownFileType = sourcecode.swift; path = BaseElementTests.swift; sourceTree = "<group>"; };
		AA3002000000000000000001 /* SceneHeaderTests.swift */ = {isa = PBXFileReference; fileEncoding = 4; lastKnownFileType = sourcecode.swift; path = SceneHeaderTests.swift; sourceTree = "<group>"; };
		AA3003000000000000000001 /* SceneNumberTests.swift */ = {isa = PBXFileReference; fileEncoding = 4; lastKnownFileType = sourcecode.swift; path = SceneNumberTests.swift; sourceTree = "<group>"; };
		AA3004000000000000000001 /* DialogueTests.swift */ = {isa = PBXFileReference; fileEncoding = 4; lastKnownFileType = sourcecode.swift; path = DialogueTests.swift; sourceTree = "<group>"; };
		AA3005000000000000000001 /* TransitionTests.swift */ = {isa = PBXFileReference; fileEncoding = 4; lastKnownFileType = sourcecode.swift; path = TransitionTests.swift; sourceTree = "<group>"; };
		AA3006000000000000000001 /* CenteredTests.swift */ = {isa = PBXFileReference; fileEncoding = 4; lastKnownFileType = sourcecode.swift; path = CenteredTests.swift; sourceTree = "<group>"; };
		AA3007000000000000000001 /* IndentingTests.swift */ = {isa = PBXFileReference; fileEncoding = 4; lastKnownFileType = sourcecode.swift; path = IndentingTests.swift; sourceTree = "<group>"; };
		AA3008000000000000000001 /* MultilineActionTests.swift */ = {isa = PBXFileReference; fileEncoding = 4; lastKnownFileType = sourcecode.swift; path = MultilineActionTests.swift; sourceTree = "<group>"; };
		AA3009000000000000000001 /* NoteTests.swift */ = {isa = PBXFileReference; fileEncoding = 4; lastKnownFileType = sourcecode.swift; path = NoteTests.swift; sourceTree = "<group>"; };
		AA300A000000000000000001 /* PageBreakTests.swift */ = {isa = PBXFileReference; fileEncoding = 4; lastKnownFileType = sourcecode.swift; path = PageBreakTests.swift; sourceTree = "<group>"; };
		AA300B000000000000000001 /* BoneyardTests.swift */ = {isa = PBXFileReference; fileEncoding = 4; lastKnownFileType = sourcecode.swift; path = BoneyardTests.swift; sourceTree = "<group>"; };
		AA300C000000000000000001 /* SynopsisTests.swift */ = {isa = PBXFileReference; fileEncoding = 4; lastKnownFileType = sourcecode.swift; path = SynopsisTests.swift; sourceTree = "<group>"; };
		AA300D000000000000000001 /* SectionHeaderTests.swift */ = {isa = PBXFileReference; fileEncoding = 4; lastKnownFileType = sourcecode.swift; path = SectionHeaderTests.swift; sourceTree = "<group>"; };
		AA300E000000000000000001 /* SectionAndSynopsisTests.swift */ = {isa = PBXFileReference; fileEncoding = 4; lastKnownFileType = sourcecode.swift; path = SectionAndSynopsisTests.swift; sourceTree = "<group>"; };
		AA300F000000000000000001 /* ForcedElementTests.swift */ = {isa = PBXFileReference; fileEncoding = 4; lastKnownFileType = sourcecode.swift; path = ForcedElementTests.swift; sourceTree = "<group>"; };
		AA3010000000000000000001 /* BigFishTests.swift */ = {isa = PBXFileReference; fileEncoding = 4; lastKnownFileType = sourcecode.swift; path = BigFishTests.swift; sourceTree = "<group>"; };
		AA3011000000000000000001 /* BrickAndSteelTests.swift */ = {isa = PBXFileReference; fileEncoding = 4; lastKnownFileType = sourcecode.swift; path = BrickAndSteelTests.swift; sourceTree = "<group>"; };
		AA3012000000000000000001 /* FNScriptTests.swift */ = {isa = PBXFileReference; fileEncoding = 4; lastKnownFileType = sourcecode.swift; path = FNScriptTests.swift; sourceTree = "<group>"; };
		AA3013000000000000000001 /* FountainWriterTests.swift */ = {isa = PBXFileReference; fileEncoding = 4; lastKnownFileType = sourcecode.swift; path = FountainWriterTests.swift; sourceTree = "<group>"; };
		AA5001000000000000000001 /* AppDelegate.swift */ = {isa = PBXFileReference; fileEncoding = 4; lastKnownFileType = sourcecode.swift; path = AppDelegate.swift; sourceTree = "<group>"; };
		AA5002000000000000000001 /* ViewController.swift */ = {isa = PBXFileReference; fileEncoding = 4; lastKnownFileType = sourcecode.swift; path = ViewController.swift; sourceTree = "<group>"; };
		AA7001000000000000000001 /* AppDelegate.swift */ = {isa = PBXFileReference; fileEncoding = 4; lastKnownFileType = sourcecode.swift; name = AppDelegate.swift; path = "../Sample Project Mac/AppDelegate.swift"; sourceTree = "<group>"; };
/* End PBXFileReference section */

/* Begin PBXFrameworksBuildPhase section */
		149D632917EA93E100DA482C /* Frameworks */ = {
			isa = PBXFrameworksBuildPhase;
			buildActionMask = 2147483647;
			files = (
				149D633017EA93E200DA482C /* CoreGraphics.framework in Frameworks */,
				149D633217EA93E200DA482C /* UIKit.framework in Frameworks */,
				149D632E17EA93E200DA482C /* Foundation.framework in Frameworks */,
			);
			runOnlyForDeploymentPostprocessing = 0;
		};
		3C0BB02614DF3D55004A90E8 /* Frameworks */ = {
			isa = PBXFrameworksBuildPhase;
			buildActionMask = 2147483647;
			files = (
				3CBFF74115940860005EC5BF /* WebKit.framework in Frameworks */,
				3C0BB02E14DF3D55004A90E8 /* Cocoa.framework in Frameworks */,
			);
			runOnlyForDeploymentPostprocessing = 0;
		};
		3C0BB04614DF3D56004A90E8 /* Frameworks */ = {
			isa = PBXFrameworksBuildPhase;
			buildActionMask = 2147483647;
			files = (
				AA9001000000000000000001 /* XCTest.framework in Frameworks */,
			);
			runOnlyForDeploymentPostprocessing = 0;
		};
/* End PBXFrameworksBuildPhase section */

/* Begin PBXGroup section */
		146059F917E8FBA000B7B611 /* Element Tests */ = {
			isa = PBXGroup;
			children = (
				AA3001000000000000000001 /* BaseElementTests.swift */,
				AA300F000000000000000001 /* ForcedElementTests.swift */,
				AA3002000000000000000001 /* SceneHeaderTests.swift */,
				AA3003000000000000000001 /* SceneNumberTests.swift */,
				AA3005000000000000000001 /* TransitionTests.swift */,
				AA3004000000000000000001 /* DialogueTests.swift */,
				AA300A000000000000000001 /* PageBreakTests.swift */,
				AA300D000000000000000001 /* SectionHeaderTests.swift */,
				AA300B000000000000000001 /* BoneyardTests.swift */,
				AA3006000000000000000001 /* CenteredTests.swift */,
				AA3007000000000000000001 /* IndentingTests.swift */,
				AA3008000000000000000001 /* MultilineActionTests.swift */,
				AA3009000000000000000001 /* NoteTests.swift */,
				AA300C000000000000000001 /* SynopsisTests.swift */,
				AA300E000000000000000001 /* SectionAndSynopsisTests.swift */,
			);
			name = "Element Tests";
			sourceTree = "<group>";
		};
		146059FD17E8FDED00B7B611 /* Element specific */ = {
			isa = PBXGroup;
			children = (
				3CA5EE5718D3D7B400458AAF /* ForcedElements.fountain */,
				146059FE17E8FE1B00B7B611 /* SceneHeaders.fountain */,
				14605A2C17E900AF00B7B611 /* SceneNumbers.fountain */,
				14605A2F17E900AF00B7B611 /* Transitions.fountain */,
				14605A2617E900AF00B7B611 /* Dialogue.fountain */,
				14605A2717E900AF00B7B611 /* DualDialogue.fountain */,
				14605A2B17E900AF00B7B611 /* PageBreaks.fountain */,
				14605A2D17E900AF00B7B611 /* SectionHeaders.fountain */,
				14605A2417E900AF00B7B611 /* Boneyard.fountain */,
				14605A2517E900AF00B7B611 /* CenteredText.fountain */,
				14605A2817E900AF00B7B611 /* Indenting.fountain */,
				14605A2917E900AF00B7B611 /* MultilineAction.fountain */,
				14605A2A17E900AF00B7B611 /* Notes.fountain */,
				14605A2E17E900AF00B7B611 /* Synopses.fountain */,
			);
			name = "Element specific";
			sourceTree = "<group>";
		};
		14605A3C17E908B100B7B611 /* Document Tests */ = {
			isa = PBXGroup;
			children = (
				AA3010000000000000000001 /* BigFishTests.swift */,
				AA3011000000000000000001 /* BrickAndSteelTests.swift */,
			);
			name = "Document Tests";
			sourceTree = "<group>";
		};
		14605A3D17E908CB00B7B611 /* Legacy Tests */ = {
			isa = PBXGroup;
			children = (
				AA3012000000000000000001 /* FNScriptTests.swift */,
				AA3013000000000000000001 /* FountainWriterTests.swift */,
			);
			name = "Legacy Tests";
			sourceTree = "<group>";
		};
		149D633317EA93E200DA482C /* Sample Project iOS */ = {
			isa = PBXGroup;
			children = (
				AA5001000000000000000001 /* AppDelegate.swift */,
				AA5002000000000000000001 /* ViewController.swift */,
				149D633F17EA93E200DA482C /* Main.storyboard */,
				149D634517EA93E200DA482C /* Images.xcassets */,
				149D633417EA93E200DA482C /* Supporting Files */,
			);
			path = "Sample Project iOS";
			sourceTree = "<group>";
		};
		149D633417EA93E200DA482C /* Supporting Files */ = {
			isa = PBXGroup;
			children = (
				149D633517EA93E200DA482C /* Sample Project iOS-Info.plist */,
				149D633617EA93E200DA482C /* InfoPlist.strings */,
			);
			name = "Supporting Files";
			sourceTree = "<group>";
		};
		3C0BB01E14DF3D55004A90E8 = {
			isa = PBXGroup;
			children = (
				3C0BB03314DF3D55004A90E8 /* Fountain */,
				3C0BB05014DF3D56004A90E8 /* FountainTests */,
				3CBFF73915940793005EC5BF /* Sample Project Mac */,
				149D633317EA93E200DA482C /* Sample Project iOS */,
				3C0BB02C14DF3D55004A90E8 /* Frameworks */,
				3C0BB02A14DF3D55004A90E8 /* Products */,
			);
			sourceTree = "<group>";
		};
		3C0BB02A14DF3D55004A90E8 /* Products */ = {
			isa = PBXGroup;
			children = (
				3C0BB02914DF3D55004A90E8 /* Sample Project Mac.app */,
				3C0BB04A14DF3D56004A90E8 /* FountainTests.xctest */,
				149D632C17EA93E100DA482C /* Sample Project iOS.app */,
			);
			name = Products;
			sourceTree = "<group>";
		};
		3C0BB02C14DF3D55004A90E8 /* Frameworks */ = {
			isa = PBXGroup;
			children = (
				3CBFF74015940860005EC5BF /* WebKit.framework */,
				3C0BB02D14DF3D55004A90E8 /* Cocoa.framework */,
				149D632D17EA93E200DA482C /* Foundation.framework */,
				149D632F17EA93E200DA482C /* CoreGraphics.framework */,
				149D633117EA93E200DA482C /* UIKit.framework */,
				149D634C17EA93E200DA482C /* XCTest.framework */,
				3C0BB02F14DF3D55004A90E8 /* Other Frameworks */,
			);
			name = Frameworks;
			sourceTree = "<group>";
		};
		3C0BB02F14DF3D55004A90E8 /* Other Frameworks */ = {
			isa = PBXGroup;
			children = (
				3C0BB03014DF3D55004A90E8 /* AppKit.framework */,
				3C0BB03114DF3D55004A90E8 /* CoreData.framework */,
				3C0BB03214DF3D55004A90E8 /* Foundation.framework */,
			);
			name = "Other Frameworks";
			sourceTree = "<group>";
		};
		3C0BB03314DF3D55004A90E8 /* Fountain */ = {
			isa = PBXGroup;
			children = (
				AA0001000000000000000001 /* Platform.swift */,
				AA0002000000000000000001 /* String+Regex.swift */,
				AA0003000000000000000001 /* FountainRegexes.swift */,
				AA000E000000000000000001 /* FountainSyntaxPin.swift */,
				AA0004000000000000000001 /* FNElement.swift */,
				AA000C000000000000000001 /* FNElementType.swift */,
				AA0005000000000000000001 /* FastFountainParser.swift */,
				AA0006000000000000000001 /* FountainParser.swift */,
				AA0007000000000000000001 /* FountainWriter.swift */,
				AA000B000000000000000001 /* FountainCodable.swift */,
				AA000F000000000000000001 /* FountainForcedPrefix.swift */,
				AA000D000000000000000001 /* FountainTokenization.swift */,
				AA0008000000000000000001 /* FNScript.swift */,
				AA0009000000000000000001 /* FNPaginator.swift */,
				AA000A000000000000000001 /* FNHTMLScript.swift */,
				3CBFF74315940ACC005EC5BF /* ScriptCSS.css */,
			);
			path = Fountain;
			sourceTree = "<group>";
		};
		3C0BB03414DF3D55004A90E8 /* Supporting Files */ = {
			isa = PBXGroup;
			children = (
				3C0BB03514DF3D55004A90E8 /* Fountain-Info.plist */,
				3C0BB03614DF3D55004A90E8 /* InfoPlist.strings */,
			);
			name = "Supporting Files";
			sourceTree = "<group>";
		};
		3C0BB05014DF3D56004A90E8 /* FountainTests */ = {
			isa = PBXGroup;
			children = (
				14605A3C17E908B100B7B611 /* Document Tests */,
				146059F917E8FBA000B7B611 /* Element Tests */,
				14605A3D17E908CB00B7B611 /* Legacy Tests */,
				3C8CD0E014DF579700F18DE6 /* Test Files */,
				3C0BB05114DF3D56004A90E8 /* Supporting Files */,
			);
			path = FountainTests;
			sourceTree = "<group>";
		};
		3C0BB05114DF3D56004A90E8 /* Supporting Files */ = {
			isa = PBXGroup;
			children = (
				3C0BB05214DF3D56004A90E8 /* FountainTests-Info.plist */,
				3C0BB05314DF3D56004A90E8 /* InfoPlist.strings */,
			);
			name = "Supporting Files";
			sourceTree = "<group>";
		};
		3C8CD0E014DF579700F18DE6 /* Test Files */ = {
			isa = PBXGroup;
			children = (
				3C8CD0E214DF589E00F18DE6 /* Big Fish.fountain */,
				3C8CD10614DF7CCC00F18DE6 /* Brick And Steel.txt */,
				3C8CD10E14DFA9D700F18DE6 /* Simple.fountain */,
				14AA1A53178F8FD400BAEED2 /* Sections-Complex.fountain */,
				146059FD17E8FDED00B7B611 /* Element specific */,
			);
			name = "Test Files";
			sourceTree = "<group>";
		};
		3CBFF73915940793005EC5BF /* Sample Project Mac */ = {
			isa = PBXGroup;
			children = (
				3CBFF73B159407CC005EC5BF /* Application.xib */,
				AA7001000000000000000001 /* AppDelegate.swift */,
				3C0BB03414DF3D55004A90E8 /* Supporting Files */,
			);
			name = "Sample Project Mac";
			path = Fountain;
			sourceTree = "<group>";
		};
/* End PBXGroup section */

/* Begin PBXNativeTarget section */
		149D632B17EA93E100DA482C /* Sample Project iOS */ = {
			isa = PBXNativeTarget;
			buildConfigurationList = 149D635E17EA93E200DA482C /* Build configuration list for PBXNativeTarget "Sample Project iOS" */;
			buildPhases = (
				149D632817EA93E100DA482C /* Sources */,
				149D632917EA93E100DA482C /* Frameworks */,
				149D632A17EA93E100DA482C /* Resources */,
			);
			buildRules = (
			);
			dependencies = (
			);
			name = "Sample Project iOS";
			productName = "Sample Project iOS";
			productReference = 149D632C17EA93E100DA482C /* Sample Project iOS.app */;
			productType = "com.apple.product-type.application";
		};
		3C0BB02814DF3D55004A90E8 /* Sample Project Mac */ = {
			isa = PBXNativeTarget;
			buildConfigurationList = 3C0BB05B14DF3D56004A90E8 /* Build configuration list for PBXNativeTarget "Sample Project Mac" */;
			buildPhases = (
				3C0BB02514DF3D55004A90E8 /* Sources */,
				3C0BB02614DF3D55004A90E8 /* Frameworks */,
				3C0BB02714DF3D55004A90E8 /* Resources */,
			);
			buildRules = (
			);
			dependencies = (
			);
			name = "Sample Project Mac";
			productName = Fountain;
			productReference = 3C0BB02914DF3D55004A90E8 /* Sample Project Mac.app */;
			productType = "com.apple.product-type.application";
		};
		3C0BB04914DF3D56004A90E8 /* FountainTests */ = {
			isa = PBXNativeTarget;
			buildConfigurationList = 3C0BB05E14DF3D56004A90E8 /* Build configuration list for PBXNativeTarget "FountainTests" */;
			buildPhases = (
				3C0BB04514DF3D56004A90E8 /* Sources */,
				3C0BB04614DF3D56004A90E8 /* Frameworks */,
				3C0BB04714DF3D56004A90E8 /* Resources */,
			);
			buildRules = (
			);
			dependencies = (
				149D636117EA94A600DA482C /* PBXTargetDependency */,
			);
			name = FountainTests;
			productName = FountainTests;
			productReference = 3C0BB04A14DF3D56004A90E8 /* FountainTests.xctest */;
			productType = "com.apple.product-type.bundle.unit-test";
		};
/* End PBXNativeTarget section */

/* Begin PBXProject section */
		3C0BB02014DF3D55004A90E8 /* Project object */ = {
			isa = PBXProject;
			attributes = {
				BuildIndependentTargetsInParallel = YES;
				LastUpgradeCheck = 2610;
				ORGANIZATIONNAME = "Nima Yousefi";
				TargetAttributes = {
					3C0BB04914DF3D56004A90E8 = {
						TestTargetID = 3C0BB02814DF3D55004A90E8;
					};
				};
			};
			buildConfigurationList = 3C0BB02314DF3D55004A90E8 /* Build configuration list for PBXProject "Fountain" */;
			compatibilityVersion = "Xcode 3.2";
			developmentRegion = en;
			hasScannedForEncodings = 0;
			knownRegions = (
				en,
				Base,
			);
			mainGroup = 3C0BB01E14DF3D55004A90E8;
			productRefGroup = 3C0BB02A14DF3D55004A90E8 /* Products */;
			projectDirPath = "";
			projectRoot = "";
			targets = (
				3C0BB04914DF3D56004A90E8 /* FountainTests */,
				3C0BB02814DF3D55004A90E8 /* Sample Project Mac */,
				149D632B17EA93E100DA482C /* Sample Project iOS */,
			);
		};
/* End PBXProject section */

/* Begin PBXResourcesBuildPhase section */
		149D632A17EA93E100DA482C /* Resources */ = {
			isa = PBXResourcesBuildPhase;
			buildActionMask = 2147483647;
			files = (
				149D636E17EA96BB00DA482C /* Big Fish.fountain in Resources */,
				149D636D17EA96A300DA482C /* ScriptCSS.css in Resources */,
				149D634617EA93E200DA482C /* Images.xcassets in Resources */,
				149D633817EA93E200DA482C /* InfoPlist.strings in Resources */,
				149D634117EA93E200DA482C /* Main.storyboard in Resources */,
			);
			runOnlyForDeploymentPostprocessing = 0;
		};
		3C0BB02714DF3D55004A90E8 /* Resources */ = {
			isa = PBXResourcesBuildPhase;
			buildActionMask = 2147483647;
			files = (
				3CBFF74215940A40005EC5BF /* Big Fish.fountain in Resources */,
				3C0BB03814DF3D55004A90E8 /* InfoPlist.strings in Resources */,
				3CBFF73C159407CC005EC5BF /* Application.xib in Resources */,
				3CBFF74415940ACC005EC5BF /* ScriptCSS.css in Resources */,
			);
			runOnlyForDeploymentPostprocessing = 0;
		};
		3C0BB04714DF3D56004A90E8 /* Resources */ = {
			isa = PBXResourcesBuildPhase;
			buildActionMask = 2147483647;
			files = (
				14605A3617E900AF00B7B611 /* Notes.fountain in Resources */,
				14605A3017E900AF00B7B611 /* Boneyard.fountain in Resources */,
				3C0BB05514DF3D56004A90E8 /* InfoPlist.strings in Resources */,
				3C8CD0E314DF589E00F18DE6 /* Big Fish.fountain in Resources */,
				3C8CD10714DF7CCC00F18DE6 /* Brick And Steel.txt in Resources */,
				3CA5EE5818D3D7B400458AAF /* ForcedElements.fountain in Resources */,
				14605A3417E900AF00B7B611 /* Indenting.fountain in Resources */,
				14605A3B17E900AF00B7B611 /* Transitions.fountain in Resources */,
				146059FF17E8FE1B00B7B611 /* SceneHeaders.fountain in Resources */,
				3C8CD10F14DFA9D700F18DE6 /* Simple.fountain in Resources */,
				14605A3117E900AF00B7B611 /* CenteredText.fountain in Resources */,
				14605A3A17E900AF00B7B611 /* Synopses.fountain in Resources */,
				14AA1A54178F8FD400BAEED2 /* Sections-Complex.fountain in Resources */,
				14605A3917E900AF00B7B611 /* SectionHeaders.fountain in Resources */,
				14605A3717E900AF00B7B611 /* PageBreaks.fountain in Resources */,
				14605A3217E900AF00B7B611 /* Dialogue.fountain in Resources */,
				14605A3317E900AF00B7B611 /* DualDialogue.fountain in Resources */,
				14605A3817E900AF00B7B611 /* SceneNumbers.fountain in Resources */,
				14605A3517E900AF00B7B611 /* MultilineAction.fountain in Resources */,
			);
			runOnlyForDeploymentPostprocessing = 0;
		};
/* End PBXResourcesBuildPhase section */

/* Begin PBXSourcesBuildPhase section */
		149D632817EA93E100DA482C /* Sources */ = {
			isa = PBXSourcesBuildPhase;
			buildActionMask = 2147483647;
			files = (
				AA1001000000000000000001 /* Platform.swift in Sources */,
				AA1002000000000000000001 /* String+Regex.swift in Sources */,
				AA1003000000000000000001 /* FountainRegexes.swift in Sources */,
				AA100E000000000000000001 /* FountainSyntaxPin.swift in Sources */,
				AA1004000000000000000001 /* FNElement.swift in Sources */,
				AA100C000000000000000001 /* FNElementType.swift in Sources */,
				AA1005000000000000000001 /* FastFountainParser.swift in Sources */,
				AA1006000000000000000001 /* FountainParser.swift in Sources */,
				AA1007000000000000000001 /* FountainWriter.swift in Sources */,
				AA1008000000000000000001 /* FNScript.swift in Sources */,
				AA100B000000000000000001 /* FountainCodable.swift in Sources */,
				AA100F000000000000000001 /* FountainForcedPrefix.swift in Sources */,
				AA100D000000000000000001 /* FountainTokenization.swift in Sources */,
				AA1009000000000000000001 /* FNPaginator.swift in Sources */,
				AA100A000000000000000001 /* FNHTMLScript.swift in Sources */,
				AA6002000000000000000001 /* ViewController.swift in Sources */,
				AA6001000000000000000001 /* AppDelegate.swift in Sources */,
			);
			runOnlyForDeploymentPostprocessing = 0;
		};
		3C0BB02514DF3D55004A90E8 /* Sources */ = {
			isa = PBXSourcesBuildPhase;
			buildActionMask = 2147483647;
			files = (
				AA2001000000000000000001 /* Platform.swift in Sources */,
				AA2002000000000000000001 /* String+Regex.swift in Sources */,
				AA2003000000000000000001 /* FountainRegexes.swift in Sources */,
				AA200E000000000000000001 /* FountainSyntaxPin.swift in Sources */,
				AA2004000000000000000001 /* FNElement.swift in Sources */,
				AA200C000000000000000001 /* FNElementType.swift in Sources */,
				AA2005000000000000000001 /* FastFountainParser.swift in Sources */,
				AA2006000000000000000001 /* FountainParser.swift in Sources */,
				AA2007000000000000000001 /* FountainWriter.swift in Sources */,
				AA2008000000000000000001 /* FNScript.swift in Sources */,
				AA200B000000000000000001 /* FountainCodable.swift in Sources */,
				AA200F000000000000000001 /* FountainForcedPrefix.swift in Sources */,
				AA200D000000000000000001 /* FountainTokenization.swift in Sources */,
				AA2009000000000000000001 /* FNPaginator.swift in Sources */,
				AA200A000000000000000001 /* FNHTMLScript.swift in Sources */,
				AA8001000000000000000001 /* AppDelegate.swift in Sources */,
			);
			runOnlyForDeploymentPostprocessing = 0;
		};
		3C0BB04514DF3D56004A90E8 /* Sources */ = {
			isa = PBXSourcesBuildPhase;
			buildActionMask = 2147483647;
			files = (
				AA4001000000000000000001 /* BaseElementTests.swift in Sources */,
				AA4010000000000000000001 /* BigFishTests.swift in Sources */,
				AA4007000000000000000001 /* IndentingTests.swift in Sources */,
				AA4011000000000000000001 /* BrickAndSteelTests.swift in Sources */,
				AA4013000000000000000001 /* FountainWriterTests.swift in Sources */,
				AA4012000000000000000001 /* FNScriptTests.swift in Sources */,
				AA400A000000000000000001 /* PageBreakTests.swift in Sources */,
				AA4003000000000000000001 /* SceneNumberTests.swift in Sources */,
				AA4004000000000000000001 /* DialogueTests.swift in Sources */,
				AA4005000000000000000001 /* TransitionTests.swift in Sources */,
				AA400F000000000000000001 /* ForcedElementTests.swift in Sources */,
				AA400E000000000000000001 /* SectionAndSynopsisTests.swift in Sources */,
				AA4006000000000000000001 /* CenteredTests.swift in Sources */,
				AA4008000000000000000001 /* MultilineActionTests.swift in Sources */,
				AA400B000000000000000001 /* BoneyardTests.swift in Sources */,
				AA4002000000000000000001 /* SceneHeaderTests.swift in Sources */,
				AA400C000000000000000001 /* SynopsisTests.swift in Sources */,
				AA4009000000000000000001 /* NoteTests.swift in Sources */,
				AA400D000000000000000001 /* SectionHeaderTests.swift in Sources */,
			);
			runOnlyForDeploymentPostprocessing = 0;
		};
/* End PBXSourcesBuildPhase section */

/* Begin PBXTargetDependency section */
		149D636117EA94A600DA482C /* PBXTargetDependency */ = {
			isa = PBXTargetDependency;
			target = 3C0BB02814DF3D55004A90E8 /* Sample Project Mac */;
			targetProxy = 149D636017EA94A600DA482C /* PBXContainerItemProxy */;
		};
/* End PBXTargetDependency section */

/* Begin PBXVariantGroup section */
		149D633617EA93E200DA482C /* InfoPlist.strings */ = {
			isa = PBXVariantGroup;
			children = (
				149D633717EA93E200DA482C /* en */,
			);
			name = InfoPlist.strings;
			sourceTree = "<group>";
		};
		149D633F17EA93E200DA482C /* Main.storyboard */ = {
			isa = PBXVariantGroup;
			children = (
				149D634017EA93E200DA482C /* Base */,
			);
			name = Main.storyboard;
			sourceTree = "<group>";
		};
		3C0BB03614DF3D55004A90E8 /* InfoPlist.strings */ = {
			isa = PBXVariantGroup;
			children = (
				3C0BB03714DF3D55004A90E8 /* en */,
			);
			name = InfoPlist.strings;
			path = "../Sample Project Mac";
			sourceTree = "<group>";
		};
		3C0BB05314DF3D56004A90E8 /* InfoPlist.strings */ = {
			isa = PBXVariantGroup;
			children = (
				3C0BB05414DF3D56004A90E8 /* en */,
			);
			name = InfoPlist.strings;
			sourceTree = "<group>";
		};
/* End PBXVariantGroup section */

/* Begin XCBuildConfiguration section */
		149D635A17EA93E200DA482C /* Debug */ = {
			isa = XCBuildConfiguration;
			buildSettings = {
				ASSETCATALOG_COMPILER_APPICON_NAME = AppIcon;
				ASSETCATALOG_COMPILER_LAUNCHIMAGE_NAME = LaunchImage;
				CLANG_ENABLE_MODULES = YES;
				CLANG_ENABLE_OBJC_WEAK = YES;
				CODE_SIGN_IDENTITY = "";
				"CODE_SIGN_IDENTITY[sdk=iphoneos*]" = "iPhone Developer";
				INFOPLIST_FILE = "Sample Project iOS/Sample Project iOS-Info.plist";
				IPHONEOS_DEPLOYMENT_TARGET = 15.0;
				PRODUCT_BUNDLE_IDENTIFIER = "com.quoteunquoteapps.Sample-Project-iOS";
				PRODUCT_NAME = "$(TARGET_NAME)";
				PROVISIONING_PROFILE = "";
				SDKROOT = iphoneos;
				SWIFT_VERSION = 5.9;
			};
			name = Debug;
		};
		149D635B17EA93E200DA482C /* Release */ = {
			isa = XCBuildConfiguration;
			buildSettings = {
				ASSETCATALOG_COMPILER_APPICON_NAME = AppIcon;
				ASSETCATALOG_COMPILER_LAUNCHIMAGE_NAME = LaunchImage;
				CLANG_ENABLE_MODULES = YES;
				CLANG_ENABLE_OBJC_WEAK = YES;
				CODE_SIGN_IDENTITY = "";
				"CODE_SIGN_IDENTITY[sdk=iphoneos*]" = "iPhone Developer";
				ENABLE_NS_ASSERTIONS = NO;
				INFOPLIST_FILE = "Sample Project iOS/Sample Project iOS-Info.plist";
				IPHONEOS_DEPLOYMENT_TARGET = 15.0;
				PRODUCT_BUNDLE_IDENTIFIER = "com.quoteunquoteapps.Sample-Project-iOS";
				PRODUCT_NAME = "$(TARGET_NAME)";
				PROVISIONING_PROFILE = "";
				SDKROOT = iphoneos;
				SWIFT_VERSION = 5.9;
				VALIDATE_PRODUCT = YES;
			};
			name = Release;
		};
		3C0BB05914DF3D56004A90E8 /* Debug */ = {
			isa = XCBuildConfiguration;
			buildSettings = {
				ALWAYS_SEARCH_USER_PATHS = NO;
				CLANG_WARN_BLOCK_CAPTURE_AUTORELEASING = YES;
				CLANG_WARN_BOOL_CONVERSION = YES;
				CLANG_WARN_COMMA = YES;
				CLANG_WARN_CONSTANT_CONVERSION = YES;
				CLANG_WARN_DEPRECATED_OBJC_IMPLEMENTATIONS = YES;
				CLANG_WARN_EMPTY_BODY = YES;
				CLANG_WARN_ENUM_CONVERSION = YES;
				CLANG_WARN_INFINITE_RECURSION = YES;
				CLANG_WARN_INT_CONVERSION = YES;
				CLANG_WARN_NON_LITERAL_NULL_CONVERSION = YES;
				CLANG_WARN_OBJC_IMPLICIT_RETAIN_SELF = YES;
				CLANG_WARN_OBJC_LITERAL_CONVERSION = YES;
				CLANG_WARN_QUOTED_INCLUDE_IN_FRAMEWORK_HEADER = YES;
				CLANG_WARN_RANGE_LOOP_ANALYSIS = YES;
				CLANG_WARN_STRICT_PROTOTYPES = YES;
				CLANG_WARN_SUSPICIOUS_MOVE = YES;
				CLANG_WARN_UNREACHABLE_CODE = YES;
				CLANG_WARN__DUPLICATE_METHOD_MATCH = YES;
				COPY_PHASE_STRIP = NO;
				DEAD_CODE_STRIPPING = YES;
				ENABLE_STRICT_OBJC_MSGSEND = YES;
				ENABLE_TESTABILITY = YES;
				ENABLE_USER_SCRIPT_SANDBOXING = YES;
				GCC_DYNAMIC_NO_PIC = NO;
				GCC_NO_COMMON_BLOCKS = YES;
				GCC_OPTIMIZATION_LEVEL = 0;
				GCC_PREPROCESSOR_DEFINITIONS = (
					"DEBUG=1",
					"$(inherited)",
				);
				GCC_SYMBOLS_PRIVATE_EXTERN = NO;
				GCC_WARN_64_TO_32_BIT_CONVERSION = YES;
				GCC_WARN_ABOUT_RETURN_TYPE = YES;
				GCC_WARN_UNDECLARED_SELECTOR = YES;
				GCC_WARN_UNINITIALIZED_AUTOS = YES;
				GCC_WARN_UNUSED_FUNCTION = YES;
				GCC_WARN_UNUSED_VARIABLE = YES;
				MACOSX_DEPLOYMENT_TARGET = 12.0;
				ONLY_ACTIVE_ARCH = YES;
				SDKROOT = macosx;
				STRING_CATALOG_GENERATE_SYMBOLS = YES;
				SWIFT_VERSION = 5.9;
			};
			name = Debug;
		};
		3C0BB05A14DF3D56004A90E8 /* Release */ = {
			isa = XCBuildConfiguration;
			buildSettings = {
				ALWAYS_SEARCH_USER_PATHS = NO;
				CLANG_WARN_BLOCK_CAPTURE_AUTORELEASING = YES;
				CLANG_WARN_BOOL_CONVERSION = YES;
				CLANG_WARN_COMMA = YES;
				CLANG_WARN_CONSTANT_CONVERSION = YES;
				CLANG_WARN_DEPRECATED_OBJC_IMPLEMENTATIONS = YES;
				CLANG_WARN_EMPTY_BODY = YES;
				CLANG_WARN_ENUM_CONVERSION = YES;
				CLANG_WARN_INFINITE_RECURSION = YES;
				CLANG_WARN_INT_CONVERSION = YES;
				CLANG_WARN_NON_LITERAL_NULL_CONVERSION = YES;
				CLANG_WARN_OBJC_IMPLICIT_RETAIN_SELF = YES;
				CLANG_WARN_OBJC_LITERAL_CONVERSION = YES;
				CLANG_WARN_QUOTED_INCLUDE_IN_FRAMEWORK_HEADER = YES;
				CLANG_WARN_RANGE_LOOP_ANALYSIS = YES;
				CLANG_WARN_STRICT_PROTOTYPES = YES;
				CLANG_WARN_SUSPICIOUS_MOVE = YES;
				CLANG_WARN_UNREACHABLE_CODE = YES;
				CLANG_WARN__DUPLICATE_METHOD_MATCH = YES;
				COPY_PHASE_STRIP = YES;
				DEAD_CODE_STRIPPING = YES;
				DEBUG_INFORMATION_FORMAT = "dwarf-with-dsym";
				ENABLE_STRICT_OBJC_MSGSEND = YES;
				ENABLE_USER_SCRIPT_SANDBOXING = YES;
				GCC_NO_COMMON_BLOCKS = YES;
				GCC_WARN_64_TO_32_BIT_CONVERSION = YES;
				GCC_WARN_ABOUT_RETURN_TYPE = YES;
				GCC_WARN_UNDECLARED_SELECTOR = YES;
				GCC_WARN_UNINITIALIZED_AUTOS = YES;
				GCC_WARN_UNUSED_FUNCTION = YES;
				GCC_WARN_UNUSED_VARIABLE = YES;
				MACOSX_DEPLOYMENT_TARGET = 12.0;
				SDKROOT = macosx;
				STRING_CATALOG_GENERATE_SYMBOLS = YES;
				SWIFT_COMPILATION_MODE = wholemodule;
				SWIFT_VERSION = 5.9;
			};
			name = Release;
		};
		3C0BB05C14DF3D56004A90E8 /* Debug */ = {
			isa = XCBuildConfiguration;
			buildSettings = {
				CLANG_ENABLE_OBJC_WEAK = YES;
				COMBINE_HIDPI_IMAGES = YES;
				DEAD_CODE_STRIPPING = YES;
				ENABLE_TESTABILITY = YES;
				INFOPLIST_FILE = "$(SRCROOT)/Sample Project Mac/Fountain-Info.plist";
				MACOSX_DEPLOYMENT_TARGET = 12.0;
				PRODUCT_BUNDLE_IDENTIFIER = "com.yourcompany.Sample-Project-Mac";
				PRODUCT_MODULE_NAME = Fountain;
				PRODUCT_NAME = "$(TARGET_NAME)";
				SDKROOT = macosx;
				SWIFT_VERSION = 5.9;
			};
			name = Debug;
		};
		3C0BB05D14DF3D56004A90E8 /* Release */ = {
			isa = XCBuildConfiguration;
			buildSettings = {
				CLANG_ENABLE_OBJC_WEAK = YES;
				COMBINE_HIDPI_IMAGES = YES;
				DEAD_CODE_STRIPPING = YES;
				INFOPLIST_FILE = "$(SRCROOT)/Sample Project Mac/Fountain-Info.plist";
				MACOSX_DEPLOYMENT_TARGET = 12.0;
				PRODUCT_BUNDLE_IDENTIFIER = "com.yourcompany.Sample-Project-Mac";
				PRODUCT_MODULE_NAME = Fountain;
				PRODUCT_NAME = "$(TARGET_NAME)";
				SDKROOT = macosx;
				SWIFT_VERSION = 5.9;
			};
			name = Release;
		};
		3C0BB05F14DF3D56004A90E8 /* Debug */ = {
			isa = XCBuildConfiguration;
			buildSettings = {
				BUNDLE_LOADER = "$(BUILT_PRODUCTS_DIR)/Sample Project Mac.app/Contents/MacOS/Sample Project Mac";
				CLANG_ENABLE_OBJC_WEAK = YES;
				COMBINE_HIDPI_IMAGES = YES;
				DEAD_CODE_STRIPPING = YES;
				FRAMEWORK_SEARCH_PATHS = "$(DEVELOPER_LIBRARY_DIR)/Frameworks";
				INFOPLIST_FILE = "FountainTests/FountainTests-Info.plist";
				MACOSX_DEPLOYMENT_TARGET = 12.0;
				PRODUCT_BUNDLE_IDENTIFIER = com.yourcompany.FountainTests;
				PRODUCT_NAME = "$(TARGET_NAME)";
				SDKROOT = macosx;
				SWIFT_VERSION = 5.9;
				TEST_HOST = "$(BUNDLE_LOADER)";
			};
			name = Debug;
		};
		3C0BB06014DF3D56004A90E8 /* Release */ = {
			isa = XCBuildConfiguration;
			buildSettings = {
				BUNDLE_LOADER = "$(BUILT_PRODUCTS_DIR)/Sample Project Mac.app/Contents/MacOS/Sample Project Mac";
				CLANG_ENABLE_OBJC_WEAK = YES;
				COMBINE_HIDPI_IMAGES = YES;
				DEAD_CODE_STRIPPING = YES;
				FRAMEWORK_SEARCH_PATHS = "$(DEVELOPER_LIBRARY_DIR)/Frameworks";
				INFOPLIST_FILE = "FountainTests/FountainTests-Info.plist";
				MACOSX_DEPLOYMENT_TARGET = 12.0;
				PRODUCT_BUNDLE_IDENTIFIER = com.yourcompany.FountainTests;
				PRODUCT_NAME = "$(TARGET_NAME)";
				SDKROOT = macosx;
				SWIFT_VERSION = 5.9;
				TEST_HOST = "$(BUNDLE_LOADER)";
			};
			name = Release;
		};
/* End XCBuildConfiguration section */

/* Begin XCConfigurationList section */
		149D635E17EA93E200DA482C /* Build configuration list for PBXNativeTarget "Sample Project iOS" */ = {
			isa = XCConfigurationList;
			buildConfigurations = (
				149D635A17EA93E200DA482C /* Debug */,
				149D635B17EA93E200DA482C /* Release */,
			);
			defaultConfigurationIsVisible = 0;
			defaultConfigurationName = Release;
		};
		3C0BB02314DF3D55004A90E8 /* Build configuration list for PBXProject "Fountain" */ = {
			isa = XCConfigurationList;
			buildConfigurations = (
				3C0BB05914DF3D56004A90E8 /* Debug */,
				3C0BB05A14DF3D56004A90E8 /* Release */,
			);
			defaultConfigurationIsVisible = 0;
			defaultConfigurationName = Release;
		};
		3C0BB05B14DF3D56004A90E8 /* Build configuration list for PBXNativeTarget "Sample Project Mac" */ = {
			isa = XCConfigurationList;
			buildConfigurations = (
				3C0BB05C14DF3D56004A90E8 /* Debug */,
				3C0BB05D14DF3D56004A90E8 /* Release */,
			);
			defaultConfigurationIsVisible = 0;
			defaultConfigurationName = Release;
		};
		3C0BB05E14DF3D56004A90E8 /* Build configuration list for PBXNativeTarget "FountainTests" */ = {
			isa = XCConfigurationList;
			buildConfigurations = (
				3C0BB05F14DF3D56004A90E8 /* Debug */,
				3C0BB06014DF3D56004A90E8 /* Release */,
			);
			defaultConfigurationIsVisible = 0;
			defaultConfigurationName = Release;
		};
/* End XCConfigurationList section */
	};
	rootObject = 3C0BB02014DF3D55004A90E8 /* Project object */;
}
